
Microsoft Visual Studio Solution File, Format Version 12.00
# Visual Studio 14
VisualStudioVersion = 14.0.23107.0
MinimumVisualStudioVersion = 10.0.40219.1
Project("{FAE04EC0-301F-11D3-BF4B-00C04F79EFBC}") = "SampleApp", "SampleApp\SampleApp\SampleApp.csproj", "{CC4649E7-B7DD-4095-91BC-68D0C56C4309}"
EndProject
Project("{FAE04EC0-301F-11D3-BF4B-00C04F79EFBC}") = "SampleApp.iOS", "SampleApp\SampleApp.iOS\SampleApp.iOS.csproj", "{3CEBF0B8-6B2B-4118-A457-4C4A3EF8D50D}"
EndProject
Project("{FAE04EC0-301F-11D3-BF4B-00C04F79EFBC}") = "SampleApp.Droid", "SampleApp\SampleApp.Droid\SampleApp.Droid.csproj", "{F6ED1C36-A42C-45B2-98C6-C6F7A9B3AB17}"
EndProject
Project("{FAE04EC0-301F-11D3-BF4B-00C04F79EFBC}") = "SampleApp.WinPhone", "SampleApp\SampleApp.WinPhone\SampleApp.WinPhone.csproj", "{72205257-E11F-4446-A47F-E069CCE53FED}"
EndProject
Project("{2150E333-8FDC-42A3-9474-1A3956D46DE8}") = "Platforms", "Platforms", "{9143DEAA-D6B2-4AFF-9390-9A82F38ED014}"
EndProject
Project("{FAE04EC0-301F-11D3-BF4B-00C04F79EFBC}") = "XamarinFormsAutofacMvvmStarterKit", "..\XamarinFormsAutofacMvvmStarterKit\XamarinFormsAutofacMvvmStarterKit.csproj", "{DD8DF24C-0871-41A7-805C-BC2928869ABE}"
EndProject
Global
	GlobalSection(SolutionConfigurationPlatforms) = preSolution
		Ad-Hoc|Any CPU = Ad-Hoc|Any CPU
		Ad-Hoc|ARM = Ad-Hoc|ARM
		Ad-Hoc|iPhone = Ad-Hoc|iPhone
		Ad-Hoc|iPhoneSimulator = Ad-Hoc|iPhoneSimulator
		Ad-Hoc|x86 = Ad-Hoc|x86
		AppStore|Any CPU = AppStore|Any CPU
		AppStore|ARM = AppStore|ARM
		AppStore|iPhone = AppStore|iPhone
		AppStore|iPhoneSimulator = AppStore|iPhoneSimulator
		AppStore|x86 = AppStore|x86
		Debug|Any CPU = Debug|Any CPU
		Debug|ARM = Debug|ARM
		Debug|iPhone = Debug|iPhone
		Debug|iPhoneSimulator = Debug|iPhoneSimulator
		Debug|x86 = Debug|x86
		Release|Any CPU = Release|Any CPU
		Release|ARM = Release|ARM
		Release|iPhone = Release|iPhone
		Release|iPhoneSimulator = Release|iPhoneSimulator
		Release|x86 = Release|x86
	EndGlobalSection
	GlobalSection(ProjectConfigurationPlatforms) = postSolution
		{CC4649E7-B7DD-4095-91BC-68D0C56C4309}.Ad-Hoc|Any CPU.ActiveCfg = Release|Any CPU
		{CC4649E7-B7DD-4095-91BC-68D0C56C4309}.Ad-Hoc|Any CPU.Build.0 = Release|Any CPU
		{CC4649E7-B7DD-4095-91BC-68D0C56C4309}.Ad-Hoc|ARM.ActiveCfg = Release|Any CPU
		{CC4649E7-B7DD-4095-91BC-68D0C56C4309}.Ad-Hoc|ARM.Build.0 = Release|Any CPU
		{CC4649E7-B7DD-4095-91BC-68D0C56C4309}.Ad-Hoc|iPhone.ActiveCfg = Release|Any CPU
		{CC4649E7-B7DD-4095-91BC-68D0C56C4309}.Ad-Hoc|iPhone.Build.0 = Release|Any CPU
		{CC4649E7-B7DD-4095-91BC-68D0C56C4309}.Ad-Hoc|iPhoneSimulator.ActiveCfg = Release|Any CPU
		{CC4649E7-B7DD-4095-91BC-68D0C56C4309}.Ad-Hoc|iPhoneSimulator.Build.0 = Release|Any CPU
		{CC4649E7-B7DD-4095-91BC-68D0C56C4309}.Ad-Hoc|x86.ActiveCfg = Release|Any CPU
		{CC4649E7-B7DD-4095-91BC-68D0C56C4309}.Ad-Hoc|x86.Build.0 = Release|Any CPU
		{CC4649E7-B7DD-4095-91BC-68D0C56C4309}.AppStore|Any CPU.ActiveCfg = Release|Any CPU
		{CC4649E7-B7DD-4095-91BC-68D0C56C4309}.AppStore|Any CPU.Build.0 = Release|Any CPU
		{CC4649E7-B7DD-4095-91BC-68D0C56C4309}.AppStore|ARM.ActiveCfg = Release|Any CPU
		{CC4649E7-B7DD-4095-91BC-68D0C56C4309}.AppStore|ARM.Build.0 = Release|Any CPU
		{CC4649E7-B7DD-4095-91BC-68D0C56C4309}.AppStore|iPhone.ActiveCfg = Release|Any CPU
		{CC4649E7-B7DD-4095-91BC-68D0C56C4309}.AppStore|iPhone.Build.0 = Release|Any CPU
		{CC4649E7-B7DD-4095-91BC-68D0C56C4309}.AppStore|iPhoneSimulator.ActiveCfg = Release|Any CPU
		{CC4649E7-B7DD-4095-91BC-68D0C56C4309}.AppStore|iPhoneSimulator.Build.0 = Release|Any CPU
		{CC4649E7-B7DD-4095-91BC-68D0C56C4309}.AppStore|x86.ActiveCfg = Release|Any CPU
		{CC4649E7-B7DD-4095-91BC-68D0C56C4309}.AppStore|x86.Build.0 = Release|Any CPU
		{CC4649E7-B7DD-4095-91BC-68D0C56C4309}.Debug|Any CPU.ActiveCfg = Debug|Any CPU
		{CC4649E7-B7DD-4095-91BC-68D0C56C4309}.Debug|Any CPU.Build.0 = Debug|Any CPU
		{CC4649E7-B7DD-4095-91BC-68D0C56C4309}.Debug|ARM.ActiveCfg = Debug|Any CPU
		{CC4649E7-B7DD-4095-91BC-68D0C56C4309}.Debug|ARM.Build.0 = Debug|Any CPU
		{CC4649E7-B7DD-4095-91BC-68D0C56C4309}.Debug|iPhone.ActiveCfg = Debug|Any CPU
		{CC4649E7-B7DD-4095-91BC-68D0C56C4309}.Debug|iPhone.Build.0 = Debug|Any CPU
		{CC4649E7-B7DD-4095-91BC-68D0C56C4309}.Debug|iPhoneSimulator.ActiveCfg = Debug|Any CPU
		{CC4649E7-B7DD-4095-91BC-68D0C56C4309}.Debug|iPhoneSimulator.Build.0 = Debug|Any CPU
		{CC4649E7-B7DD-4095-91BC-68D0C56C4309}.Debug|x86.ActiveCfg = Debug|Any CPU
		{CC4649E7-B7DD-4095-91BC-68D0C56C4309}.Debug|x86.Build.0 = Debug|Any CPU
		{CC4649E7-B7DD-4095-91BC-68D0C56C4309}.Release|Any CPU.ActiveCfg = Release|Any CPU
		{CC4649E7-B7DD-4095-91BC-68D0C56C4309}.Release|Any CPU.Build.0 = Release|Any CPU
		{CC4649E7-B7DD-4095-91BC-68D0C56C4309}.Release|ARM.ActiveCfg = Release|Any CPU
		{CC4649E7-B7DD-4095-91BC-68D0C56C4309}.Release|ARM.Build.0 = Release|Any CPU
		{CC4649E7-B7DD-4095-91BC-68D0C56C4309}.Release|iPhone.ActiveCfg = Release|Any CPU
		{CC4649E7-B7DD-4095-91BC-68D0C56C4309}.Release|iPhone.Build.0 = Release|Any CPU
		{CC4649E7-B7DD-4095-91BC-68D0C56C4309}.Release|iPhoneSimulator.ActiveCfg = Release|Any CPU
		{CC4649E7-B7DD-4095-91BC-68D0C56C4309}.Release|iPhoneSimulator.Build.0 = Release|Any CPU
		{CC4649E7-B7DD-4095-91BC-68D0C56C4309}.Release|x86.ActiveCfg = Release|Any CPU
		{CC4649E7-B7DD-4095-91BC-68D0C56C4309}.Release|x86.Build.0 = Release|Any CPU
		{3CEBF0B8-6B2B-4118-A457-4C4A3EF8D50D}.Ad-Hoc|Any CPU.ActiveCfg = Ad-Hoc|iPhone
		{3CEBF0B8-6B2B-4118-A457-4C4A3EF8D50D}.Ad-Hoc|ARM.ActiveCfg = Ad-Hoc|iPhone
		{3CEBF0B8-6B2B-4118-A457-4C4A3EF8D50D}.Ad-Hoc|iPhone.ActiveCfg = Ad-Hoc|iPhone
		{3CEBF0B8-6B2B-4118-A457-4C4A3EF8D50D}.Ad-Hoc|iPhone.Build.0 = Ad-Hoc|iPhone
		{3CEBF0B8-6B2B-4118-A457-4C4A3EF8D50D}.Ad-Hoc|iPhoneSimulator.ActiveCfg = Ad-Hoc|iPhoneSimulator
		{3CEBF0B8-6B2B-4118-A457-4C4A3EF8D50D}.Ad-Hoc|iPhoneSimulator.Build.0 = Ad-Hoc|iPhoneSimulator
		{3CEBF0B8-6B2B-4118-A457-4C4A3EF8D50D}.Ad-Hoc|x86.ActiveCfg = Ad-Hoc|iPhone
		{3CEBF0B8-6B2B-4118-A457-4C4A3EF8D50D}.AppStore|Any CPU.ActiveCfg = AppStore|iPhone
		{3CEBF0B8-6B2B-4118-A457-4C4A3EF8D50D}.AppStore|ARM.ActiveCfg = AppStore|iPhone
		{3CEBF0B8-6B2B-4118-A457-4C4A3EF8D50D}.AppStore|iPhone.ActiveCfg = AppStore|iPhone
		{3CEBF0B8-6B2B-4118-A457-4C4A3EF8D50D}.AppStore|iPhone.Build.0 = AppStore|iPhone
		{3CEBF0B8-6B2B-4118-A457-4C4A3EF8D50D}.AppStore|iPhoneSimulator.ActiveCfg = AppStore|iPhoneSimulator
		{3CEBF0B8-6B2B-4118-A457-4C4A3EF8D50D}.AppStore|iPhoneSimulator.Build.0 = AppStore|iPhoneSimulator
		{3CEBF0B8-6B2B-4118-A457-4C4A3EF8D50D}.AppStore|x86.ActiveCfg = AppStore|iPhone
		{3CEBF0B8-6B2B-4118-A457-4C4A3EF8D50D}.Debug|Any CPU.ActiveCfg = Debug|iPhone
		{3CEBF0B8-6B2B-4118-A457-4C4A3EF8D50D}.Debug|ARM.ActiveCfg = Debug|iPhone
		{3CEBF0B8-6B2B-4118-A457-4C4A3EF8D50D}.Debug|iPhone.ActiveCfg = Debug|iPhone
		{3CEBF0B8-6B2B-4118-A457-4C4A3EF8D50D}.Debug|iPhone.Build.0 = Debug|iPhone
		{3CEBF0B8-6B2B-4118-A457-4C4A3EF8D50D}.Debug|iPhoneSimulator.ActiveCfg = Debug|iPhoneSimulator
		{3CEBF0B8-6B2B-4118-A457-4C4A3EF8D50D}.Debug|iPhoneSimulator.Build.0 = Debug|iPhoneSimulator
		{3CEBF0B8-6B2B-4118-A457-4C4A3EF8D50D}.Debug|x86.ActiveCfg = Debug|iPhone
		{3CEBF0B8-6B2B-4118-A457-4C4A3EF8D50D}.Release|Any CPU.ActiveCfg = Release|iPhone
		{3CEBF0B8-6B2B-4118-A457-4C4A3EF8D50D}.Release|ARM.ActiveCfg = Release|iPhone
		{3CEBF0B8-6B2B-4118-A457-4C4A3EF8D50D}.Release|iPhone.ActiveCfg = Release|iPhone
		{3CEBF0B8-6B2B-4118-A457-4C4A3EF8D50D}.Release|iPhone.Build.0 = Release|iPhone
		{3CEBF0B8-6B2B-4118-A457-4C4A3EF8D50D}.Release|iPhoneSimulator.ActiveCfg = Release|iPhoneSimulator
		{3CEBF0B8-6B2B-4118-A457-4C4A3EF8D50D}.Release|iPhoneSimulator.Build.0 = Release|iPhoneSimulator
		{3CEBF0B8-6B2B-4118-A457-4C4A3EF8D50D}.Release|x86.ActiveCfg = Release|iPhone
		{F6ED1C36-A42C-45B2-98C6-C6F7A9B3AB17}.Ad-Hoc|Any CPU.ActiveCfg = Release|Any CPU
		{F6ED1C36-A42C-45B2-98C6-C6F7A9B3AB17}.Ad-Hoc|Any CPU.Build.0 = Release|Any CPU
		{F6ED1C36-A42C-45B2-98C6-C6F7A9B3AB17}.Ad-Hoc|Any CPU.Deploy.0 = Release|Any CPU
		{F6ED1C36-A42C-45B2-98C6-C6F7A9B3AB17}.Ad-Hoc|ARM.ActiveCfg = Release|Any CPU
		{F6ED1C36-A42C-45B2-98C6-C6F7A9B3AB17}.Ad-Hoc|ARM.Build.0 = Release|Any CPU
		{F6ED1C36-A42C-45B2-98C6-C6F7A9B3AB17}.Ad-Hoc|ARM.Deploy.0 = Release|Any CPU
		{F6ED1C36-A42C-45B2-98C6-C6F7A9B3AB17}.Ad-Hoc|iPhone.ActiveCfg = Release|Any CPU
		{F6ED1C36-A42C-45B2-98C6-C6F7A9B3AB17}.Ad-Hoc|iPhone.Build.0 = Release|Any CPU
		{F6ED1C36-A42C-45B2-98C6-C6F7A9B3AB17}.Ad-Hoc|iPhone.Deploy.0 = Release|Any CPU
		{F6ED1C36-A42C-45B2-98C6-C6F7A9B3AB17}.Ad-Hoc|iPhoneSimulator.ActiveCfg = Release|Any CPU
		{F6ED1C36-A42C-45B2-98C6-C6F7A9B3AB17}.Ad-Hoc|iPhoneSimulator.Build.0 = Release|Any CPU
		{F6ED1C36-A42C-45B2-98C6-C6F7A9B3AB17}.Ad-Hoc|iPhoneSimulator.Deploy.0 = Release|Any CPU
		{F6ED1C36-A42C-45B2-98C6-C6F7A9B3AB17}.Ad-Hoc|x86.ActiveCfg = Release|Any CPU
		{F6ED1C36-A42C-45B2-98C6-C6F7A9B3AB17}.Ad-Hoc|x86.Build.0 = Release|Any CPU
		{F6ED1C36-A42C-45B2-98C6-C6F7A9B3AB17}.Ad-Hoc|x86.Deploy.0 = Release|Any CPU
		{F6ED1C36-A42C-45B2-98C6-C6F7A9B3AB17}.AppStore|Any CPU.ActiveCfg = Release|Any CPU
		{F6ED1C36-A42C-45B2-98C6-C6F7A9B3AB17}.AppStore|Any CPU.Build.0 = Release|Any CPU
		{F6ED1C36-A42C-45B2-98C6-C6F7A9B3AB17}.AppStore|Any CPU.Deploy.0 = Release|Any CPU
		{F6ED1C36-A42C-45B2-98C6-C6F7A9B3AB17}.AppStore|ARM.ActiveCfg = Release|Any CPU
		{F6ED1C36-A42C-45B2-98C6-C6F7A9B3AB17}.AppStore|ARM.Build.0 = Release|Any CPU
		{F6ED1C36-A42C-45B2-98C6-C6F7A9B3AB17}.AppStore|ARM.Deploy.0 = Release|Any CPU
		{F6ED1C36-A42C-45B2-98C6-C6F7A9B3AB17}.AppStore|iPhone.ActiveCfg = Release|Any CPU
		{F6ED1C36-A42C-45B2-98C6-C6F7A9B3AB17}.AppStore|iPhone.Build.0 = Release|Any CPU
		{F6ED1C36-A42C-45B2-98C6-C6F7A9B3AB17}.AppStore|iPhone.Deploy.0 = Release|Any CPU
		{F6ED1C36-A42C-45B2-98C6-C6F7A9B3AB17}.AppStore|iPhoneSimulator.ActiveCfg = Release|Any CPU
		{F6ED1C36-A42C-45B2-98C6-C6F7A9B3AB17}.AppStore|iPhoneSimulator.Build.0 = Release|Any CPU
		{F6ED1C36-A42C-45B2-98C6-C6F7A9B3AB17}.AppStore|iPhoneSimulator.Deploy.0 = Release|Any CPU
		{F6ED1C36-A42C-45B2-98C6-C6F7A9B3AB17}.AppStore|x86.ActiveCfg = Release|Any CPU
		{F6ED1C36-A42C-45B2-98C6-C6F7A9B3AB17}.AppStore|x86.Build.0 = Release|Any CPU
		{F6ED1C36-A42C-45B2-98C6-C6F7A9B3AB17}.AppStore|x86.Deploy.0 = Release|Any CPU
		{F6ED1C36-A42C-45B2-98C6-C6F7A9B3AB17}.Debug|Any CPU.ActiveCfg = Debug|Any CPU
		{F6ED1C36-A42C-45B2-98C6-C6F7A9B3AB17}.Debug|Any CPU.Build.0 = Debug|Any CPU
		{F6ED1C36-A42C-45B2-98C6-C6F7A9B3AB17}.Debug|Any CPU.Deploy.0 = Debug|Any CPU
		{F6ED1C36-A42C-45B2-98C6-C6F7A9B3AB17}.Debug|ARM.ActiveCfg = Debug|Any CPU
		{F6ED1C36-A42C-45B2-98C6-C6F7A9B3AB17}.Debug|ARM.Build.0 = Debug|Any CPU
		{F6ED1C36-A42C-45B2-98C6-C6F7A9B3AB17}.Debug|ARM.Deploy.0 = Debug|Any CPU
		{F6ED1C36-A42C-45B2-98C6-C6F7A9B3AB17}.Debug|iPhone.ActiveCfg = Debug|Any CPU
		{F6ED1C36-A42C-45B2-98C6-C6F7A9B3AB17}.Debug|iPhone.Build.0 = Debug|Any CPU
		{F6ED1C36-A42C-45B2-98C6-C6F7A9B3AB17}.Debug|iPhone.Deploy.0 = Debug|Any CPU
		{F6ED1C36-A42C-45B2-98C6-C6F7A9B3AB17}.Debug|iPhoneSimulator.ActiveCfg = Debug|Any CPU
		{F6ED1C36-A42C-45B2-98C6-C6F7A9B3AB17}.Debug|iPhoneSimulator.Build.0 = Debug|Any CPU
		{F6ED1C36-A42C-45B2-98C6-C6F7A9B3AB17}.Debug|iPhoneSimulator.Deploy.0 = Debug|Any CPU
		{F6ED1C36-A42C-45B2-98C6-C6F7A9B3AB17}.Debug|x86.ActiveCfg = Debug|Any CPU
		{F6ED1C36-A42C-45B2-98C6-C6F7A9B3AB17}.Debug|x86.Build.0 = Debug|Any CPU
		{F6ED1C36-A42C-45B2-98C6-C6F7A9B3AB17}.Debug|x86.Deploy.0 = Debug|Any CPU
		{F6ED1C36-A42C-45B2-98C6-C6F7A9B3AB17}.Release|Any CPU.ActiveCfg = Release|Any CPU
		{F6ED1C36-A42C-45B2-98C6-C6F7A9B3AB17}.Release|Any CPU.Build.0 = Release|Any CPU
		{F6ED1C36-A42C-45B2-98C6-C6F7A9B3AB17}.Release|Any CPU.Deploy.0 = Release|Any CPU
		{F6ED1C36-A42C-45B2-98C6-C6F7A9B3AB17}.Release|ARM.ActiveCfg = Release|Any CPU
		{F6ED1C36-A42C-45B2-98C6-C6F7A9B3AB17}.Release|ARM.Build.0 = Release|Any CPU
		{F6ED1C36-A42C-45B2-98C6-C6F7A9B3AB17}.Release|ARM.Deploy.0 = Release|Any CPU
		{F6ED1C36-A42C-45B2-98C6-C6F7A9B3AB17}.Release|iPhone.ActiveCfg = Release|Any CPU
		{F6ED1C36-A42C-45B2-98C6-C6F7A9B3AB17}.Release|iPhone.Build.0 = Release|Any CPU
		{F6ED1C36-A42C-45B2-98C6-C6F7A9B3AB17}.Release|iPhone.Deploy.0 = Release|Any CPU
		{F6ED1C36-A42C-45B2-98C6-C6F7A9B3AB17}.Release|iPhoneSimulator.ActiveCfg = Release|Any CPU
		{F6ED1C36-A42C-45B2-98C6-C6F7A9B3AB17}.Release|iPhoneSimulator.Build.0 = Release|Any CPU
		{F6ED1C36-A42C-45B2-98C6-C6F7A9B3AB17}.Release|iPhoneSimulator.Deploy.0 = Release|Any CPU
		{F6ED1C36-A42C-45B2-98C6-C6F7A9B3AB17}.Release|x86.ActiveCfg = Release|Any CPU
		{F6ED1C36-A42C-45B2-98C6-C6F7A9B3AB17}.Release|x86.Build.0 = Release|Any CPU
		{F6ED1C36-A42C-45B2-98C6-C6F7A9B3AB17}.Release|x86.Deploy.0 = Release|Any CPU
		{72205257-E11F-4446-A47F-E069CCE53FED}.Ad-Hoc|Any CPU.ActiveCfg = Release|Any CPU
		{72205257-E11F-4446-A47F-E069CCE53FED}.Ad-Hoc|Any CPU.Build.0 = Release|Any CPU
		{72205257-E11F-4446-A47F-E069CCE53FED}.Ad-Hoc|Any CPU.Deploy.0 = Release|Any CPU
		{72205257-E11F-4446-A47F-E069CCE53FED}.Ad-Hoc|ARM.ActiveCfg = Release|ARM
		{72205257-E11F-4446-A47F-E069CCE53FED}.Ad-Hoc|ARM.Build.0 = Release|ARM
		{72205257-E11F-4446-A47F-E069CCE53FED}.Ad-Hoc|ARM.Deploy.0 = Release|ARM
		{72205257-E11F-4446-A47F-E069CCE53FED}.Ad-Hoc|iPhone.ActiveCfg = Release|Any CPU
		{72205257-E11F-4446-A47F-E069CCE53FED}.Ad-Hoc|iPhone.Build.0 = Release|Any CPU
		{72205257-E11F-4446-A47F-E069CCE53FED}.Ad-Hoc|iPhone.Deploy.0 = Release|Any CPU
		{72205257-E11F-4446-A47F-E069CCE53FED}.Ad-Hoc|iPhoneSimulator.ActiveCfg = Release|Any CPU
		{72205257-E11F-4446-A47F-E069CCE53FED}.Ad-Hoc|iPhoneSimulator.Build.0 = Release|Any CPU
		{72205257-E11F-4446-A47F-E069CCE53FED}.Ad-Hoc|iPhoneSimulator.Deploy.0 = Release|Any CPU
		{72205257-E11F-4446-A47F-E069CCE53FED}.Ad-Hoc|x86.ActiveCfg = Release|x86
		{72205257-E11F-4446-A47F-E069CCE53FED}.Ad-Hoc|x86.Build.0 = Release|x86
		{72205257-E11F-4446-A47F-E069CCE53FED}.Ad-Hoc|x86.Deploy.0 = Release|x86
		{72205257-E11F-4446-A47F-E069CCE53FED}.AppStore|Any CPU.ActiveCfg = Release|Any CPU
		{72205257-E11F-4446-A47F-E069CCE53FED}.AppStore|Any CPU.Build.0 = Release|Any CPU
		{72205257-E11F-4446-A47F-E069CCE53FED}.AppStore|Any CPU.Deploy.0 = Release|Any CPU
		{72205257-E11F-4446-A47F-E069CCE53FED}.AppStore|ARM.ActiveCfg = Release|ARM
		{72205257-E11F-4446-A47F-E069CCE53FED}.AppStore|ARM.Build.0 = Release|ARM
		{72205257-E11F-4446-A47F-E069CCE53FED}.AppStore|ARM.Deploy.0 = Release|ARM
		{72205257-E11F-4446-A47F-E069CCE53FED}.AppStore|iPhone.ActiveCfg = Release|Any CPU
		{72205257-E11F-4446-A47F-E069CCE53FED}.AppStore|iPhone.Build.0 = Release|Any CPU
		{72205257-E11F-4446-A47F-E069CCE53FED}.AppStore|iPhone.Deploy.0 = Release|Any CPU
		{72205257-E11F-4446-A47F-E069CCE53FED}.AppStore|iPhoneSimulator.ActiveCfg = Release|Any CPU
		{72205257-E11F-4446-A47F-E069CCE53FED}.AppStore|iPhoneSimulator.Build.0 = Release|Any CPU
		{72205257-E11F-4446-A47F-E069CCE53FED}.AppStore|iPhoneSimulator.Deploy.0 = Release|Any CPU
		{72205257-E11F-4446-A47F-E069CCE53FED}.AppStore|x86.ActiveCfg = Release|x86
		{72205257-E11F-4446-A47F-E069CCE53FED}.AppStore|x86.Build.0 = Release|x86
		{72205257-E11F-4446-A47F-E069CCE53FED}.AppStore|x86.Deploy.0 = Release|x86
		{72205257-E11F-4446-A47F-E069CCE53FED}.Debug|Any CPU.ActiveCfg = Debug|Any CPU
		{72205257-E11F-4446-A47F-E069CCE53FED}.Debug|Any CPU.Build.0 = Debug|Any CPU
		{72205257-E11F-4446-A47F-E069CCE53FED}.Debug|Any CPU.Deploy.0 = Debug|Any CPU
		{72205257-E11F-4446-A47F-E069CCE53FED}.Debug|ARM.ActiveCfg = Debug|ARM
		{72205257-E11F-4446-A47F-E069CCE53FED}.Debug|ARM.Build.0 = Debug|ARM
		{72205257-E11F-4446-A47F-E069CCE53FED}.Debug|ARM.Deploy.0 = Debug|ARM
		{72205257-E11F-4446-A47F-E069CCE53FED}.Debug|iPhone.ActiveCfg = Debug|Any CPU
		{72205257-E11F-4446-A47F-E069CCE53FED}.Debug|iPhone.Build.0 = Debug|Any CPU
		{72205257-E11F-4446-A47F-E069CCE53FED}.Debug|iPhone.Deploy.0 = Debug|Any CPU
		{72205257-E11F-4446-A47F-E069CCE53FED}.Debug|iPhoneSimulator.ActiveCfg = Debug|Any CPU
		{72205257-E11F-4446-A47F-E069CCE53FED}.Debug|iPhoneSimulator.Build.0 = Debug|Any CPU
		{72205257-E11F-4446-A47F-E069CCE53FED}.Debug|iPhoneSimulator.Deploy.0 = Debug|Any CPU
		{72205257-E11F-4446-A47F-E069CCE53FED}.Debug|x86.ActiveCfg = Debug|x86
		{72205257-E11F-4446-A47F-E069CCE53FED}.Debug|x86.Build.0 = Debug|x86
		{72205257-E11F-4446-A47F-E069CCE53FED}.Debug|x86.Deploy.0 = Debug|x86
		{72205257-E11F-4446-A47F-E069CCE53FED}.Release|Any CPU.ActiveCfg = Release|Any CPU
		{72205257-E11F-4446-A47F-E069CCE53FED}.Release|Any CPU.Build.0 = Release|Any CPU
		{72205257-E11F-4446-A47F-E069CCE53FED}.Release|Any CPU.Deploy.0 = Release|Any CPU
		{72205257-E11F-4446-A47F-E069CCE53FED}.Release|ARM.ActiveCfg = Release|ARM
		{72205257-E11F-4446-A47F-E069CCE53FED}.Release|ARM.Build.0 = Release|ARM
		{72205257-E11F-4446-A47F-E069CCE53FED}.Release|ARM.Deploy.0 = Release|ARM
		{72205257-E11F-4446-A47F-E069CCE53FED}.Release|iPhone.ActiveCfg = Release|Any CPU
		{72205257-E11F-4446-A47F-E069CCE53FED}.Release|iPhone.Build.0 = Release|Any CPU
		{72205257-E11F-4446-A47F-E069CCE53FED}.Release|iPhone.Deploy.0 = Release|Any CPU
		{72205257-E11F-4446-A47F-E069CCE53FED}.Release|iPhoneSimulator.ActiveCfg = Release|Any CPU
		{72205257-E11F-4446-A47F-E069CCE53FED}.Release|iPhoneSimulator.Build.0 = Release|Any CPU
		{72205257-E11F-4446-A47F-E069CCE53FED}.Release|iPhoneSimulator.Deploy.0 = Release|Any CPU
		{72205257-E11F-4446-A47F-E069CCE53FED}.Release|x86.ActiveCfg = Release|x86
		{72205257-E11F-4446-A47F-E069CCE53FED}.Release|x86.Build.0 = Release|x86
		{72205257-E11F-4446-A47F-E069CCE53FED}.Release|x86.Deploy.0 = Release|x86
		{DD8DF24C-0871-41A7-805C-BC2928869ABE}.Ad-Hoc|Any CPU.ActiveCfg = Release|Any CPU
		{DD8DF24C-0871-41A7-805C-BC2928869ABE}.Ad-Hoc|Any CPU.Build.0 = Release|Any CPU
		{DD8DF24C-0871-41A7-805C-BC2928869ABE}.Ad-Hoc|ARM.ActiveCfg = Release|Any CPU
		{DD8DF24C-0871-41A7-805C-BC2928869ABE}.Ad-Hoc|ARM.Build.0 = Release|Any CPU
		{DD8DF24C-0871-41A7-805C-BC2928869ABE}.Ad-Hoc|iPhone.ActiveCfg = Release|Any CPU
		{DD8DF24C-0871-41A7-805C-BC2928869ABE}.Ad-Hoc|iPhone.Build.0 = Release|Any CPU
		{DD8DF24C-0871-41A7-805C-BC2928869ABE}.Ad-Hoc|iPhoneSimulator.ActiveCfg = Release|Any CPU
		{DD8DF24C-0871-41A7-805C-BC2928869ABE}.Ad-Hoc|iPhoneSimulator.Build.0 = Release|Any CPU
		{DD8DF24C-0871-41A7-805C-BC2928869ABE}.Ad-Hoc|x86.ActiveCfg = Release|Any CPU
		{DD8DF24C-0871-41A7-805C-BC2928869ABE}.Ad-Hoc|x86.Build.0 = Release|Any CPU
		{DD8DF24C-0871-41A7-805C-BC2928869ABE}.AppStore|Any CPU.ActiveCfg = Release|Any CPU
		{DD8DF24C-0871-41A7-805C-BC2928869ABE}.AppStore|Any CPU.Build.0 = Release|Any CPU
		{DD8DF24C-0871-41A7-805C-BC2928869ABE}.AppStore|ARM.ActiveCfg = Release|Any CPU
		{DD8DF24C-0871-41A7-805C-BC2928869ABE}.AppStore|ARM.Build.0 = Release|Any CPU
		{DD8DF24C-0871-41A7-805C-BC2928869ABE}.AppStore|iPhone.ActiveCfg = Release|Any CPU
		{DD8DF24C-0871-41A7-805C-BC2928869ABE}.AppStore|iPhone.Build.0 = Release|Any CPU
		{DD8DF24C-0871-41A7-805C-BC2928869ABE}.AppStore|iPhoneSimulator.ActiveCfg = Release|Any CPU
		{DD8DF24C-0871-41A7-805C-BC2928869ABE}.AppStore|iPhoneSimulator.Build.0 = Release|Any CPU
		{DD8DF24C-0871-41A7-805C-BC2928869ABE}.AppStore|x86.ActiveCfg = Release|Any CPU
		{DD8DF24C-0871-41A7-805C-BC2928869ABE}.AppStore|x86.Build.0 = Release|Any CPU
		{DD8DF24C-0871-41A7-805C-BC2928869ABE}.Debug|Any CPU.ActiveCfg = Debug|Any CPU
		{DD8DF24C-0871-41A7-805C-BC2928869ABE}.Debug|Any CPU.Build.0 = Debug|Any CPU
		{DD8DF24C-0871-41A7-805C-BC2928869ABE}.Debug|ARM.ActiveCfg = Debug|Any CPU
		{DD8DF24C-0871-41A7-805C-BC2928869ABE}.Debug|ARM.Build.0 = Debug|Any CPU
		{DD8DF24C-0871-41A7-805C-BC2928869ABE}.Debug|iPhone.ActiveCfg = Debug|Any CPU
		{DD8DF24C-0871-41A7-805C-BC2928869ABE}.Debug|iPhone.Build.0 = Debug|Any CPU
		{DD8DF24C-0871-41A7-805C-BC2928869ABE}.Debug|iPhoneSimulator.ActiveCfg = Debug|Any CPU
		{DD8DF24C-0871-41A7-805C-BC2928869ABE}.Debug|iPhoneSimulator.Build.0 = Debug|Any CPU
		{DD8DF24C-0871-41A7-805C-BC2928869ABE}.Debug|x86.ActiveCfg = Debug|Any CPU
		{DD8DF24C-0871-41A7-805C-BC2928869ABE}.Debug|x86.Build.0 = Debug|Any CPU
		{DD8DF24C-0871-41A7-805C-BC2928869ABE}.Release|Any CPU.ActiveCfg = Release|Any CPU
		{DD8DF24C-0871-41A7-805C-BC2928869ABE}.Release|Any CPU.Build.0 = Release|Any CPU
		{DD8DF24C-0871-41A7-805C-BC2928869ABE}.Release|ARM.ActiveCfg = Release|Any CPU
		{DD8DF24C-0871-41A7-805C-BC2928869ABE}.Release|ARM.Build.0 = Release|Any CPU
		{DD8DF24C-0871-41A7-805C-BC2928869ABE}.Release|iPhone.ActiveCfg = Release|Any CPU
		{DD8DF24C-0871-41A7-805C-BC2928869ABE}.Release|iPhone.Build.0 = Release|Any CPU
		{DD8DF24C-0871-41A7-805C-BC2928869ABE}.Release|iPhoneSimulator.ActiveCfg = Release|Any CPU
		{DD8DF24C-0871-41A7-805C-BC2928869ABE}.Release|iPhoneSimulator.Build.0 = Release|Any CPU
		{DD8DF24C-0871-41A7-805C-BC2928869ABE}.Release|x86.ActiveCfg = Release|Any CPU
		{DD8DF24C-0871-41A7-805C-BC2928869ABE}.Release|x86.Build.0 = Release|Any CPU
	EndGlobalSection
	GlobalSection(SolutionProperties) = preSolution
		HideSolutionNode = FALSE
	EndGlobalSection
	GlobalSection(NestedProjects) = preSolution
		{3CEBF0B8-6B2B-4118-A457-4C4A3EF8D50D} = {9143DEAA-D6B2-4AFF-9390-9A82F38ED014}
		{F6ED1C36-A42C-45B2-98C6-C6F7A9B3AB17} = {9143DEAA-D6B2-4AFF-9390-9A82F38ED014}
		{72205257-E11F-4446-A47F-E069CCE53FED} = {9143DEAA-D6B2-4AFF-9390-9A82F38ED014}
	EndGlobalSection
EndGlobal
